
Microsoft Visual Studio Solution File, Format Version 12.00
# Visual Studio Version 16
VisualStudioVersion = 16.0.30804.86
MinimumVisualStudioVersion = 10.0.40219.1
Project("{FAE04EC0-301F-11D3-BF4B-00C04F79EFBC}") = "KarmaAppetite_MoonFix", "MoonFix\KarmaAppetite_MoonFix.csproj", "{D830259C-A67A-4360-B995-D03208939831}"
EndProject
Global
	GlobalSection(SolutionConfigurationPlatforms) = preSolution
		Debug|Any CPU = Debug|Any CPU
		Release|Any CPU = Release|Any CPU
	EndGlobalSection
	GlobalSection(ProjectConfigurationPlatforms) = postSolution
		{D830259C-A67A-4360-B995-D03208939831}.Debug|Any CPU.ActiveCfg = Debug|Any CPU
		{D830259C-A67A-4360-B995-D03208939831}.Debug|Any CPU.Build.0 = Debug|Any CPU
		{D830259C-A67A-4360-B995-D03208939831}.Release|Any CPU.ActiveCfg = Release|Any CPU
		{D830259C-A67A-4360-B995-D03208939831}.Release|Any CPU.Build.0 = Release|Any CPU
	EndGlobalSection
	GlobalSection(SolutionProperties) = preSolution
		HideSolutionNode = FALSE
	EndGlobalSection
	GlobalSection(ExtensibilityGlobals) = postSolution
		SolutionGuid = {6A6464EE-B3DE-4E3E-AC55-27A25181E0CB}
	EndGlobalSection
EndGlobal
